// !$*UTF8*$!
{
	archiveVersion = 1;
	classes = {
	};
	objectVersion = 50;
	objects = {

/* Begin PBXBuildFile section */
		8635EC9121A951D400918B42 /* Diets.storyboard in Resources */ = {isa = PBXBuildFile; fileRef = 8635EC9021A951D400918B42 /* Diets.storyboard */; };
		8635EC9321A9550E00918B42 /* DietsListViewController.swift in Sources */ = {isa = PBXBuildFile; fileRef = 8635EC9221A9550E00918B42 /* DietsListViewController.swift */; };
		8652328F21A8570700F9D73A /* AppDelegate.swift in Sources */ = {isa = PBXBuildFile; fileRef = 8652328E21A8570700F9D73A /* AppDelegate.swift */; };
		8652329121A8570700F9D73A /* ViewController.swift in Sources */ = {isa = PBXBuildFile; fileRef = 8652329021A8570700F9D73A /* ViewController.swift */; };
		8652329421A8570700F9D73A /* Main.storyboard in Resources */ = {isa = PBXBuildFile; fileRef = 8652329221A8570700F9D73A /* Main.storyboard */; };
		8652329621A8570900F9D73A /* Assets.xcassets in Resources */ = {isa = PBXBuildFile; fileRef = 8652329521A8570900F9D73A /* Assets.xcassets */; };
		8652329921A8570900F9D73A /* LaunchScreen.storyboard in Resources */ = {isa = PBXBuildFile; fileRef = 8652329721A8570900F9D73A /* LaunchScreen.storyboard */; };
		868251B821A9565A00AE8E82 /* DietTableViewCell.swift in Sources */ = {isa = PBXBuildFile; fileRef = 868251B621A9565A00AE8E82 /* DietTableViewCell.swift */; };
		868251B921A9565A00AE8E82 /* DietTableViewCell.xib in Resources */ = {isa = PBXBuildFile; fileRef = 868251B721A9565A00AE8E82 /* DietTableViewCell.xib */; };
		868251BD21A961DE00AE8E82 /* DietViewModel.swift in Sources */ = {isa = PBXBuildFile; fileRef = 868251BC21A961DE00AE8E82 /* DietViewModel.swift */; };
		868251BF21A9698100AE8E82 /* ImageCarouselView.swift in Sources */ = {isa = PBXBuildFile; fileRef = 868251BE21A9698100AE8E82 /* ImageCarouselView.swift */; };
		D9F605459420249847000E37 /* Pods_K_Group_Challenge.framework in Frameworks */ = {isa = PBXBuildFile; fileRef = 8CD59F807C04563EB057824A /* Pods_K_Group_Challenge.framework */; };
/* End PBXBuildFile section */

/* Begin PBXFileReference section */
		6EE2AB05116EC163D71F476F /* Pods-K Group Challenge.release.xcconfig */ = {isa = PBXFileReference; includeInIndex = 1; lastKnownFileType = text.xcconfig; name = "Pods-K Group Challenge.release.xcconfig"; path = "Pods/Target Support Files/Pods-K Group Challenge/Pods-K Group Challenge.release.xcconfig"; sourceTree = "<group>"; };
		8635EC9021A951D400918B42 /* Diets.storyboard */ = {isa = PBXFileReference; lastKnownFileType = file.storyboard; path = Diets.storyboard; sourceTree = "<group>"; };
		8635EC9221A9550E00918B42 /* DietsListViewController.swift */ = {isa = PBXFileReference; lastKnownFileType = sourcecode.swift; path = DietsListViewController.swift; sourceTree = "<group>"; };
		8652328B21A8570700F9D73A /* K Group Challenge.app */ = {isa = PBXFileReference; explicitFileType = wrapper.application; includeInIndex = 0; path = "K Group Challenge.app"; sourceTree = BUILT_PRODUCTS_DIR; };
		8652328E21A8570700F9D73A /* AppDelegate.swift */ = {isa = PBXFileReference; lastKnownFileType = sourcecode.swift; path = AppDelegate.swift; sourceTree = "<group>"; };
		8652329021A8570700F9D73A /* ViewController.swift */ = {isa = PBXFileReference; lastKnownFileType = sourcecode.swift; path = ViewController.swift; sourceTree = "<group>"; };
		8652329321A8570700F9D73A /* Base */ = {isa = PBXFileReference; lastKnownFileType = file.storyboard; name = Base; path = Base.lproj/Main.storyboard; sourceTree = "<group>"; };
		8652329521A8570900F9D73A /* Assets.xcassets */ = {isa = PBXFileReference; lastKnownFileType = folder.assetcatalog; path = Assets.xcassets; sourceTree = "<group>"; };
		8652329821A8570900F9D73A /* Base */ = {isa = PBXFileReference; lastKnownFileType = file.storyboard; name = Base; path = Base.lproj/LaunchScreen.storyboard; sourceTree = "<group>"; };
		8652329A21A8570900F9D73A /* Info.plist */ = {isa = PBXFileReference; lastKnownFileType = text.plist.xml; path = Info.plist; sourceTree = "<group>"; };
		868251B621A9565A00AE8E82 /* DietTableViewCell.swift */ = {isa = PBXFileReference; lastKnownFileType = sourcecode.swift; path = DietTableViewCell.swift; sourceTree = "<group>"; };
		868251B721A9565A00AE8E82 /* DietTableViewCell.xib */ = {isa = PBXFileReference; lastKnownFileType = file.xib; path = DietTableViewCell.xib; sourceTree = "<group>"; };
		868251BC21A961DE00AE8E82 /* DietViewModel.swift */ = {isa = PBXFileReference; lastKnownFileType = sourcecode.swift; path = DietViewModel.swift; sourceTree = "<group>"; };
		868251BE21A9698100AE8E82 /* ImageCarouselView.swift */ = {isa = PBXFileReference; fileEncoding = 4; lastKnownFileType = sourcecode.swift; path = ImageCarouselView.swift; sourceTree = "<group>"; };
		8CD59F807C04563EB057824A /* Pods_K_Group_Challenge.framework */ = {isa = PBXFileReference; explicitFileType = wrapper.framework; includeInIndex = 0; path = Pods_K_Group_Challenge.framework; sourceTree = BUILT_PRODUCTS_DIR; };
		982DADE304E549A20521ABA6 /* Pods-K Group Challenge.debug.xcconfig */ = {isa = PBXFileReference; includeInIndex = 1; lastKnownFileType = text.xcconfig; name = "Pods-K Group Challenge.debug.xcconfig"; path = "Pods/Target Support Files/Pods-K Group Challenge/Pods-K Group Challenge.debug.xcconfig"; sourceTree = "<group>"; };
/* End PBXFileReference section */

/* Begin PBXFrameworksBuildPhase section */
		8652328821A8570700F9D73A /* Frameworks */ = {
			isa = PBXFrameworksBuildPhase;
			buildActionMask = 2147483647;
			files = (
				D9F605459420249847000E37 /* Pods_K_Group_Challenge.framework in Frameworks */,
			);
			runOnlyForDeploymentPostprocessing = 0;
		};
/* End PBXFrameworksBuildPhase section */

/* Begin PBXGroup section */
		02EEC43D4563EAB0BFE937A2 /* Frameworks */ = {
			isa = PBXGroup;
			children = (
				8CD59F807C04563EB057824A /* Pods_K_Group_Challenge.framework */,
			);
			name = Frameworks;
			sourceTree = "<group>";
		};
		8635EC8F21A9414D00918B42 /* Diets */ = {
			isa = PBXGroup;
			children = (
				868251B521A9564500AE8E82 /* Cell */,
				8635EC9021A951D400918B42 /* Diets.storyboard */,
				8635EC9221A9550E00918B42 /* DietsListViewController.swift */,
			);
			path = Diets;
			sourceTree = "<group>";
		};
		8652328221A8570700F9D73A = {
			isa = PBXGroup;
			children = (
				8652328D21A8570700F9D73A /* K Group Challenge */,
				8652328C21A8570700F9D73A /* Products */,
				FD0F37A16E0258B708616FFC /* Pods */,
				02EEC43D4563EAB0BFE937A2 /* Frameworks */,
			);
			sourceTree = "<group>";
		};
		8652328C21A8570700F9D73A /* Products */ = {
			isa = PBXGroup;
			children = (
				8652328B21A8570700F9D73A /* K Group Challenge.app */,
			);
			name = Products;
			sourceTree = "<group>";
		};
		8652328D21A8570700F9D73A /* K Group Challenge */ = {
			isa = PBXGroup;
			children = (
				8635EC8F21A9414D00918B42 /* Diets */,
				8652328E21A8570700F9D73A /* AppDelegate.swift */,
				8652329021A8570700F9D73A /* ViewController.swift */,
				8652329221A8570700F9D73A /* Main.storyboard */,
				8652329521A8570900F9D73A /* Assets.xcassets */,
				8652329721A8570900F9D73A /* LaunchScreen.storyboard */,
				8652329A21A8570900F9D73A /* Info.plist */,
			);
			path = "K Group Challenge";
			sourceTree = "<group>";
		};
		868251B521A9564500AE8E82 /* Cell */ = {
			isa = PBXGroup;
			children = (
				868251B621A9565A00AE8E82 /* DietTableViewCell.swift */,
				868251BE21A9698100AE8E82 /* ImageCarouselView.swift */,
				868251B721A9565A00AE8E82 /* DietTableViewCell.xib */,
				868251BC21A961DE00AE8E82 /* DietViewModel.swift */,
			);
			path = Cell;
			sourceTree = "<group>";
		};
		FD0F37A16E0258B708616FFC /* Pods */ = {
			isa = PBXGroup;
			children = (
				982DADE304E549A20521ABA6 /* Pods-K Group Challenge.debug.xcconfig */,
				6EE2AB05116EC163D71F476F /* Pods-K Group Challenge.release.xcconfig */,
			);
			name = Pods;
			sourceTree = "<group>";
		};
/* End PBXGroup section */

/* Begin PBXNativeTarget section */
		8652328A21A8570700F9D73A /* K Group Challenge */ = {
			isa = PBXNativeTarget;
			buildConfigurationList = 8652329D21A8570900F9D73A /* Build configuration list for PBXNativeTarget "K Group Challenge" */;
			buildPhases = (
				C06BF6B5EB8D63165FEB77A4 /* [CP] Check Pods Manifest.lock */,
				8652328721A8570700F9D73A /* Sources */,
				8652328821A8570700F9D73A /* Frameworks */,
				8652328921A8570700F9D73A /* Resources */,
			);
			buildRules = (
			);
			dependencies = (
			);
			name = "K Group Challenge";
			productName = "K Group Challenge";
			productReference = 8652328B21A8570700F9D73A /* K Group Challenge.app */;
			productType = "com.apple.product-type.application";
		};
/* End PBXNativeTarget section */

/* Begin PBXProject section */
		8652328321A8570700F9D73A /* Project object */ = {
			isa = PBXProject;
			attributes = {
				LastSwiftUpdateCheck = 1010;
				LastUpgradeCheck = 1010;
				ORGANIZATIONNAME = "Out East";
				TargetAttributes = {
					8652328A21A8570700F9D73A = {
						CreatedOnToolsVersion = 10.1;
					};
				};
			};
			buildConfigurationList = 8652328621A8570700F9D73A /* Build configuration list for PBXProject "K Group Challenge" */;
			compatibilityVersion = "Xcode 9.3";
			developmentRegion = en;
			hasScannedForEncodings = 0;
			knownRegions = (
				en,
				Base,
			);
			mainGroup = 8652328221A8570700F9D73A;
			productRefGroup = 8652328C21A8570700F9D73A /* Products */;
			projectDirPath = "";
			projectRoot = "";
			targets = (
				8652328A21A8570700F9D73A /* K Group Challenge */,
			);
		};
/* End PBXProject section */

/* Begin PBXResourcesBuildPhase section */
		8652328921A8570700F9D73A /* Resources */ = {
			isa = PBXResourcesBuildPhase;
			buildActionMask = 2147483647;
			files = (
				8635EC9121A951D400918B42 /* Diets.storyboard in Resources */,
				8652329921A8570900F9D73A /* LaunchScreen.storyboard in Resources */,
				8652329621A8570900F9D73A /* Assets.xcassets in Resources */,
				8652329421A8570700F9D73A /* Main.storyboard in Resources */,
				868251B921A9565A00AE8E82 /* DietTableViewCell.xib in Resources */,
			);
			runOnlyForDeploymentPostprocessing = 0;
		};
/* End PBXResourcesBuildPhase section */

/* Begin PBXShellScriptBuildPhase section */
		C06BF6B5EB8D63165FEB77A4 /* [CP] Check Pods Manifest.lock */ = {
			isa = PBXShellScriptBuildPhase;
			buildActionMask = 2147483647;
			files = (
			);
			inputPaths = (
				"${PODS_PODFILE_DIR_PATH}/Podfile.lock",
				"${PODS_ROOT}/Manifest.lock",
			);
			name = "[CP] Check Pods Manifest.lock";
			outputPaths = (
				"$(DERIVED_FILE_DIR)/Pods-K Group Challenge-checkManifestLockResult.txt",
			);
			runOnlyForDeploymentPostprocessing = 0;
			shellPath = /bin/sh;
			shellScript = "diff \"${PODS_PODFILE_DIR_PATH}/Podfile.lock\" \"${PODS_ROOT}/Manifest.lock\" > /dev/null\nif [ $? != 0 ] ; then\n    # print error to STDERR\n    echo \"error: The sandbox is not in sync with the Podfile.lock. Run 'pod install' or update your CocoaPods installation.\" >&2\n    exit 1\nfi\n# This output is used by Xcode 'outputs' to avoid re-running this script phase.\necho \"SUCCESS\" > \"${SCRIPT_OUTPUT_FILE_0}\"\n";
			showEnvVarsInLog = 0;
		};
/* End PBXShellScriptBuildPhase section */

/* Begin PBXSourcesBuildPhase section */
		8652328721A8570700F9D73A /* Sources */ = {
			isa = PBXSourcesBuildPhase;
			buildActionMask = 2147483647;
			files = (
				868251BF21A9698100AE8E82 /* ImageCarouselView.swift in Sources */,
				868251BD21A961DE00AE8E82 /* DietViewModel.swift in Sources */,
				8635EC9321A9550E00918B42 /* DietsListViewController.swift in Sources */,
				8652329121A8570700F9D73A /* ViewController.swift in Sources */,
				8652328F21A8570700F9D73A /* AppDelegate.swift in Sources */,
				868251B821A9565A00AE8E82 /* DietTableViewCell.swift in Sources */,
			);
			runOnlyForDeploymentPostprocessing = 0;
		};
/* End PBXSourcesBuildPhase section */

/* Begin PBXVariantGroup section */
		8652329221A8570700F9D73A /* Main.storyboard */ = {
			isa = PBXVariantGroup;
			children = (
				8652329321A8570700F9D73A /* Base */,
			);
			name = Main.storyboard;
			sourceTree = "<group>";
		};
		8652329721A8570900F9D73A /* LaunchScreen.storyboard */ = {
			isa = PBXVariantGroup;
			children = (
				8652329821A8570900F9D73A /* Base */,
			);
			name = LaunchScreen.storyboard;
			sourceTree = "<group>";
		};
/* End PBXVariantGroup section */

/* Begin XCBuildConfiguration section */
		8652329B21A8570900F9D73A /* Debug */ = {
			isa = XCBuildConfiguration;
			buildSettings = {
				ALWAYS_SEARCH_USER_PATHS = NO;
				CLANG_ANALYZER_NONNULL = YES;
				CLANG_ANALYZER_NUMBER_OBJECT_CONVERSION = YES_AGGRESSIVE;
				CLANG_CXX_LANGUAGE_STANDARD = "gnu++14";
				CLANG_CXX_LIBRARY = "libc++";
				CLANG_ENABLE_MODULES = YES;
				CLANG_ENABLE_OBJC_ARC = YES;
				CLANG_ENABLE_OBJC_WEAK = YES;
				CLANG_WARN_BLOCK_CAPTURE_AUTORELEASING = YES;
				CLANG_WARN_BOOL_CONVERSION = YES;
				CLANG_WARN_COMMA = YES;
				CLANG_WARN_CONSTANT_CONVERSION = YES;
				CLANG_WARN_DEPRECATED_OBJC_IMPLEMENTATIONS = YES;
				CLANG_WARN_DIRECT_OBJC_ISA_USAGE = YES_ERROR;
				CLANG_WARN_DOCUMENTATION_COMMENTS = YES;
				CLANG_WARN_EMPTY_BODY = YES;
				CLANG_WARN_ENUM_CONVERSION = YES;
				CLANG_WARN_INFINITE_RECURSION = YES;
				CLANG_WARN_INT_CONVERSION = YES;
				CLANG_WARN_NON_LITERAL_NULL_CONVERSION = YES;
				CLANG_WARN_OBJC_IMPLICIT_RETAIN_SELF = YES;
				CLANG_WARN_OBJC_LITERAL_CONVERSION = YES;
				CLANG_WARN_OBJC_ROOT_CLASS = YES_ERROR;
				CLANG_WARN_RANGE_LOOP_ANALYSIS = YES;
				CLANG_WARN_STRICT_PROTOTYPES = YES;
				CLANG_WARN_SUSPICIOUS_MOVE = YES;
				CLANG_WARN_UNGUARDED_AVAILABILITY = YES_AGGRESSIVE;
				CLANG_WARN_UNREACHABLE_CODE = YES;
				CLANG_WARN__DUPLICATE_METHOD_MATCH = YES;
				CODE_SIGN_IDENTITY = "iPhone Developer";
				COPY_PHASE_STRIP = NO;
				DEBUG_INFORMATION_FORMAT = dwarf;
				ENABLE_STRICT_OBJC_MSGSEND = YES;
				ENABLE_TESTABILITY = YES;
				GCC_C_LANGUAGE_STANDARD = gnu11;
				GCC_DYNAMIC_NO_PIC = NO;
				GCC_NO_COMMON_BLOCKS = YES;
				GCC_OPTIMIZATION_LEVEL = 0;
				GCC_PREPROCESSOR_DEFINITIONS = (
					"DEBUG=1",
					"$(inherited)",
				);
				GCC_WARN_64_TO_32_BIT_CONVERSION = YES;
				GCC_WARN_ABOUT_RETURN_TYPE = YES_ERROR;
				GCC_WARN_UNDECLARED_SELECTOR = YES;
				GCC_WARN_UNINITIALIZED_AUTOS = YES_AGGRESSIVE;
				GCC_WARN_UNUSED_FUNCTION = YES;
				GCC_WARN_UNUSED_VARIABLE = YES;
				IPHONEOS_DEPLOYMENT_TARGET = 12.1;
				MTL_ENABLE_DEBUG_INFO = INCLUDE_SOURCE;
				MTL_FAST_MATH = YES;
				ONLY_ACTIVE_ARCH = YES;
				SDKROOT = iphoneos;
				SWIFT_ACTIVE_COMPILATION_CONDITIONS = DEBUG;
				SWIFT_OPTIMIZATION_LEVEL = "-Onone";
			};
			name = Debug;
		};
		8652329C21A8570900F9D73A /* Release */ = {
			isa = XCBuildConfiguration;
			buildSettings = {
				ALWAYS_SEARCH_USER_PATHS = NO;
				CLANG_ANALYZER_NONNULL = YES;
				CLANG_ANALYZER_NUMBER_OBJECT_CONVERSION = YES_AGGRESSIVE;
				CLANG_CXX_LANGUAGE_STANDARD = "gnu++14";
				CLANG_CXX_LIBRARY = "libc++";
				CLANG_ENABLE_MODULES = YES;
				CLANG_ENABLE_OBJC_ARC = YES;
				CLANG_ENABLE_OBJC_WEAK = YES;
				CLANG_WARN_BLOCK_CAPTURE_AUTORELEASING = YES;
				CLANG_WARN_BOOL_CONVERSION = YES;
				CLANG_WARN_COMMA = YES;
				CLANG_WARN_CONSTANT_CONVERSION = YES;
				CLANG_WARN_DEPRECATED_OBJC_IMPLEMENTATIONS = YES;
				CLANG_WARN_DIRECT_OBJC_ISA_USAGE = YES_ERROR;
				CLANG_WARN_DOCUMENTATION_COMMENTS = YES;
				CLANG_WARN_EMPTY_BODY = YES;
				CLANG_WARN_ENUM_CONVERSION = YES;
				CLANG_WARN_INFINITE_RECURSION = YES;
				CLANG_WARN_INT_CONVERSION = YES;
				CLANG_WARN_NON_LITERAL_NULL_CONVERSION = YES;
				CLANG_WARN_OBJC_IMPLICIT_RETAIN_SELF = YES;
				CLANG_WARN_OBJC_LITERAL_CONVERSION = YES;
				CLANG_WARN_OBJC_ROOT_CLASS = YES_ERROR;
				CLANG_WARN_RANGE_LOOP_ANALYSIS = YES;
				CLANG_WARN_STRICT_PROTOTYPES = YES;
				CLANG_WARN_SUSPICIOUS_MOVE = YES;
				CLANG_WARN_UNGUARDED_AVAILABILITY = YES_AGGRESSIVE;
				CLANG_WARN_UNREACHABLE_CODE = YES;
				CLANG_WARN__DUPLICATE_METHOD_MATCH = YES;
				CODE_SIGN_IDENTITY = "iPhone Developer";
				COPY_PHASE_STRIP = NO;
				DEBUG_INFORMATION_FORMAT = "dwarf-with-dsym";
				ENABLE_NS_ASSERTIONS = NO;
				ENABLE_STRICT_OBJC_MSGSEND = YES;
				GCC_C_LANGUAGE_STANDARD = gnu11;
				GCC_NO_COMMON_BLOCKS = YES;
				GCC_WARN_64_TO_32_BIT_CONVERSION = YES;
				GCC_WARN_ABOUT_RETURN_TYPE = YES_ERROR;
				GCC_WARN_UNDECLARED_SELECTOR = YES;
				GCC_WARN_UNINITIALIZED_AUTOS = YES_AGGRESSIVE;
				GCC_WARN_UNUSED_FUNCTION = YES;
				GCC_WARN_UNUSED_VARIABLE = YES;
				IPHONEOS_DEPLOYMENT_TARGET = 12.1;
				MTL_ENABLE_DEBUG_INFO = NO;
				MTL_FAST_MATH = YES;
				SDKROOT = iphoneos;
				SWIFT_COMPILATION_MODE = wholemodule;
				SWIFT_OPTIMIZATION_LEVEL = "-O";
				VALIDATE_PRODUCT = YES;
			};
			name = Release;
		};
		8652329E21A8570900F9D73A /* Debug */ = {
			isa = XCBuildConfiguration;
			baseConfigurationReference = 982DADE304E549A20521ABA6 /* Pods-K Group Challenge.debug.xcconfig */;
			buildSettings = {
				ASSETCATALOG_COMPILER_APPICON_NAME = AppIcon;
				CODE_SIGN_STYLE = Automatic;
				DEVELOPMENT_TEAM = "";
				INFOPLIST_FILE = "K Group Challenge/Info.plist";
				IPHONEOS_DEPLOYMENT_TARGET = 12;
				LD_RUNPATH_SEARCH_PATHS = (
					"$(inherited)",
					"@executable_path/Frameworks",
				);
				PRODUCT_BUNDLE_IDENTIFIER = "com.hackjunction.K-Group-Challenge";
				PRODUCT_NAME = "$(TARGET_NAME)";
				SWIFT_VERSION = 4.2;
				TARGETED_DEVICE_FAMILY = "1,2";
			};
			name = Debug;
		};
		8652329F21A8570900F9D73A /* Release */ = {
			isa = XCBuildConfiguration;
			baseConfigurationReference = 6EE2AB05116EC163D71F476F /* Pods-K Group Challenge.release.xcconfig */;
			buildSettings = {
				ASSETCATALOG_COMPILER_APPICON_NAME = AppIcon;
				CODE_SIGN_STYLE = Automatic;
				DEVELOPMENT_TEAM = "";
				INFOPLIST_FILE = "K Group Challenge/Info.plist";
				IPHONEOS_DEPLOYMENT_TARGET = 12;
				LD_RUNPATH_SEARCH_PATHS = (
					"$(inherited)",
					"@executable_path/Frameworks",
				);
				PRODUCT_BUNDLE_IDENTIFIER = "com.hackjunction.K-Group-Challenge";
				PRODUCT_NAME = "$(TARGET_NAME)";
				SWIFT_VERSION = 4.2;
				TARGETED_DEVICE_FAMILY = "1,2";
			};
			name = Release;
		};
/* End XCBuildConfiguration section */

/* Begin XCConfigurationList section */
		8652328621A8570700F9D73A /* Build configuration list for PBXProject "K Group Challenge" */ = {
			isa = XCConfigurationList;
			buildConfigurations = (
				8652329B21A8570900F9D73A /* Debug */,
				8652329C21A8570900F9D73A /* Release */,
			);
			defaultConfigurationIsVisible = 0;
			defaultConfigurationName = Release;
		};
		8652329D21A8570900F9D73A /* Build configuration list for PBXNativeTarget "K Group Challenge" */ = {
			isa = XCConfigurationList;
			buildConfigurations = (
				8652329E21A8570900F9D73A /* Debug */,
				8652329F21A8570900F9D73A /* Release */,
			);
			defaultConfigurationIsVisible = 0;
			defaultConfigurationName = Release;
		};
/* End XCConfigurationList section */
	};
	rootObject = 8652328321A8570700F9D73A /* Project object */;
}
